
Microsoft Visual Studio Solution File, Format Version 12.00
Project("{FAE04EC0-301F-11D3-BF4B-00C04F79EFBC}") = "cowork", "cowork\cowork.csproj", "{16911905-08A4-4E63-AA08-CD6823719ABA}"
EndProject
Project("{FAE04EC0-301F-11D3-BF4B-00C04F79EFBC}") = "coworktest", "coworktest\coworktest.csproj", "{B2758BAD-DCAC-4F13-91A6-1C1D85EAB134}"
EndProject
Global
	GlobalSection(SolutionConfigurationPlatforms) = preSolution
		Debug|Any CPU = Debug|Any CPU
		Release|Any CPU = Release|Any CPU
	EndGlobalSection
	GlobalSection(ProjectConfigurationPlatforms) = postSolution
		{16911905-08A4-4E63-AA08-CD6823719ABA}.Debug|Any CPU.ActiveCfg = Debug|Any CPU
		{16911905-08A4-4E63-AA08-CD6823719ABA}.Debug|Any CPU.Build.0 = Debug|Any CPU
		{16911905-08A4-4E63-AA08-CD6823719ABA}.Release|Any CPU.ActiveCfg = Release|Any CPU
		{16911905-08A4-4E63-AA08-CD6823719ABA}.Release|Any CPU.Build.0 = Release|Any CPU
		{B2758BAD-DCAC-4F13-91A6-1C1D85EAB134}.Debug|Any CPU.ActiveCfg = Debug|Any CPU
		{B2758BAD-DCAC-4F13-91A6-1C1D85EAB134}.Debug|Any CPU.Build.0 = Debug|Any CPU
		{B2758BAD-DCAC-4F13-91A6-1C1D85EAB134}.Release|Any CPU.ActiveCfg = Release|Any CPU
		{B2758BAD-DCAC-4F13-91A6-1C1D85EAB134}.Release|Any CPU.Build.0 = Release|Any CPU
	EndGlobalSection
EndGlobal
